
Microsoft Visual Studio Solution File, Format Version 12.00
# Visual Studio 15
VisualStudioVersion = 15.0.26124.0
MinimumVisualStudioVersion = 15.0.26124.0
Project("{FAE04EC0-301F-11D3-BF4B-00C04F79EFBC}") = "QuickBuy.Dominio", "QuickBuy.Dominio\QuickBuy.Dominio.csproj", "{CAD7E581-458B-4C1F-B053-E2F6A8B5A91C}"
EndProject
Project("{FAE04EC0-301F-11D3-BF4B-00C04F79EFBC}") = "QuickBuy.Repositorio", "QuickBuy.Repositorio\QuickBuy.Repositorio.csproj", "{062D6505-7810-4320-B9F4-1D236D382FD4}"
EndProject
Project("{FAE04EC0-301F-11D3-BF4B-00C04F79EFBC}") = "QuickBuy.Web", "QuickBuy.Web\QuickBuy.Web.csproj", "{C4745A82-52A0-4A7A-8573-70DE83686983}"
EndProject
Global
	GlobalSection(SolutionConfigurationPlatforms) = preSolution
		Debug|Any CPU = Debug|Any CPU
		Debug|x64 = Debug|x64
		Debug|x86 = Debug|x86
		Release|Any CPU = Release|Any CPU
		Release|x64 = Release|x64
		Release|x86 = Release|x86
	EndGlobalSection
	GlobalSection(SolutionProperties) = preSolution
		HideSolutionNode = FALSE
	EndGlobalSection
	GlobalSection(ProjectConfigurationPlatforms) = postSolution
		{CAD7E581-458B-4C1F-B053-E2F6A8B5A91C}.Debug|Any CPU.ActiveCfg = Debug|Any CPU
		{CAD7E581-458B-4C1F-B053-E2F6A8B5A91C}.Debug|Any CPU.Build.0 = Debug|Any CPU
		{CAD7E581-458B-4C1F-B053-E2F6A8B5A91C}.Debug|x64.ActiveCfg = Debug|Any CPU
		{CAD7E581-458B-4C1F-B053-E2F6A8B5A91C}.Debug|x64.Build.0 = Debug|Any CPU
		{CAD7E581-458B-4C1F-B053-E2F6A8B5A91C}.Debug|x86.ActiveCfg = Debug|Any CPU
		{CAD7E581-458B-4C1F-B053-E2F6A8B5A91C}.Debug|x86.Build.0 = Debug|Any CPU
		{CAD7E581-458B-4C1F-B053-E2F6A8B5A91C}.Release|Any CPU.ActiveCfg = Release|Any CPU
		{CAD7E581-458B-4C1F-B053-E2F6A8B5A91C}.Release|Any CPU.Build.0 = Release|Any CPU
		{CAD7E581-458B-4C1F-B053-E2F6A8B5A91C}.Release|x64.ActiveCfg = Release|Any CPU
		{CAD7E581-458B-4C1F-B053-E2F6A8B5A91C}.Release|x64.Build.0 = Release|Any CPU
		{CAD7E581-458B-4C1F-B053-E2F6A8B5A91C}.Release|x86.ActiveCfg = Release|Any CPU
		{CAD7E581-458B-4C1F-B053-E2F6A8B5A91C}.Release|x86.Build.0 = Release|Any CPU
		{062D6505-7810-4320-B9F4-1D236D382FD4}.Debug|Any CPU.ActiveCfg = Debug|Any CPU
		{062D6505-7810-4320-B9F4-1D236D382FD4}.Debug|Any CPU.Build.0 = Debug|Any CPU
		{062D6505-7810-4320-B9F4-1D236D382FD4}.Debug|x64.ActiveCfg = Debug|Any CPU
		{062D6505-7810-4320-B9F4-1D236D382FD4}.Debug|x64.Build.0 = Debug|Any CPU
		{062D6505-7810-4320-B9F4-1D236D382FD4}.Debug|x86.ActiveCfg = Debug|Any CPU
		{062D6505-7810-4320-B9F4-1D236D382FD4}.Debug|x86.Build.0 = Debug|Any CPU
		{062D6505-7810-4320-B9F4-1D236D382FD4}.Release|Any CPU.ActiveCfg = Release|Any CPU
		{062D6505-7810-4320-B9F4-1D236D382FD4}.Release|Any CPU.Build.0 = Release|Any CPU
		{062D6505-7810-4320-B9F4-1D236D382FD4}.Release|x64.ActiveCfg = Release|Any CPU
		{062D6505-7810-4320-B9F4-1D236D382FD4}.Release|x64.Build.0 = Release|Any CPU
		{062D6505-7810-4320-B9F4-1D236D382FD4}.Release|x86.ActiveCfg = Release|Any CPU
		{062D6505-7810-4320-B9F4-1D236D382FD4}.Release|x86.Build.0 = Release|Any CPU
		{C4745A82-52A0-4A7A-8573-70DE83686983}.Debug|Any CPU.ActiveCfg = Debug|Any CPU
		{C4745A82-52A0-4A7A-8573-70DE83686983}.Debug|Any CPU.Build.0 = Debug|Any CPU
		{C4745A82-52A0-4A7A-8573-70DE83686983}.Debug|x64.ActiveCfg = Debug|Any CPU
		{C4745A82-52A0-4A7A-8573-70DE83686983}.Debug|x64.Build.0 = Debug|Any CPU
		{C4745A82-52A0-4A7A-8573-70DE83686983}.Debug|x86.ActiveCfg = Debug|Any CPU
		{C4745A82-52A0-4A7A-8573-70DE83686983}.Debug|x86.Build.0 = Debug|Any CPU
		{C4745A82-52A0-4A7A-8573-70DE83686983}.Release|Any CPU.ActiveCfg = Release|Any CPU
		{C4745A82-52A0-4A7A-8573-70DE83686983}.Release|Any CPU.Build.0 = Release|Any CPU
		{C4745A82-52A0-4A7A-8573-70DE83686983}.Release|x64.ActiveCfg = Release|Any CPU
		{C4745A82-52A0-4A7A-8573-70DE83686983}.Release|x64.Build.0 = Release|Any CPU
		{C4745A82-52A0-4A7A-8573-70DE83686983}.Release|x86.ActiveCfg = Release|Any CPU
		{C4745A82-52A0-4A7A-8573-70DE83686983}.Release|x86.Build.0 = Release|Any CPU
	EndGlobalSection
EndGlobal
